{
  "object": {
    "pins": [
      {
        "package": "Alamofire",
        "repositoryURL": "https://github.com/Alamofire/Alamofire.git",
        "state": {
          "branch": null,
          "revision": "eaf6e622dd41b07b251d8f01752eab31bc811493",
          "version": "5.4.1"
        }
      },
      {
        "package": "Cleanse",
        "repositoryURL": "https://github.com/square/Cleanse",
        "state": {
          "branch": null,
          "revision": "c854787f83d99527587b5387f04ccd0030e6133a",
          "version": "4.2.6"
        }
      },
      {
        "package": "Realm",
        "repositoryURL": "https://github.com/realm/realm-cocoa.git",
        "state": {
          "branch": null,
          "revision": "44b9632b22240f0baa4b50964c5722e27094aea0",
          "version": "10.6.0"
        }
      },
      {
        "package": "RealmDatabase",
        "repositoryURL": "https://github.com/realm/realm-core",
        "state": {
          "branch": null,
          "revision": "6431a4bc6530ec16731ef1c66b379cbef6da01f0",
          "version": "10.5.0"
        }
      },
      {
        "package": "Core",
        "repositoryURL": "https://github.com/zakywisnu/TMDb_Swift-core-package.git",
        "state": {
          "branch": null,
          "revision": "553e45d0b046ba8301010fed175f91f7643d3c40",
          "version": "1.2.5"
        }
      }
    ]
  },
  "version": 1
}
